{
  "name": "wirecli",
  "version": "0.1.0",
  "lockfileVersion": 3,
  "requires": true,
  "packages": {
    "": {
      "name": "wirecli",
      "version": "0.1.0",
      "hasInstallScript": true,
      "license": "SEE LICENSE IN LICENSE",
      "bin": {
        "wirecli": "bin/wirecli.js"
      },
      "engines": {
        "node": ">=18"
      }
    }
  }
}
