{
  "name": "wirecli",
  "version": "0.1.0",
  "lockfileVersion": 3,
  "requires": true,
  "packages": {
    "": {
      "name": "wirecli",
      "version": "0.1.0",
      "license": "MIT",
      "bin": {
        "wirecli": "bin/wirecli.js"
      },
      "optionalDependencies": {
        "@wirecli/linux-x64": "0.1.0",
        "@wirecli/win32-x64": "0.1.0"
      },
      "workspaces": [
        "packages/*"
      ]
    },
    "packages/linux-x64": {
      "name": "@wirecli/linux-x64",
      "version": "0.1.0",
      "cpu": [
        "x64"
      ],
      "license": "MIT",
      "os": [
        "linux"
      ]
    },
    "packages/win32-x64": {
      "name": "@wirecli/win32-x64",
      "version": "0.1.0",
      "cpu": [
        "x64"
      ],
      "license": "MIT",
      "os": [
        "win32"
      ]
    }
  }
}
